// !$*UTF8*$!
{
	archiveVersion = 1;
	classes = {
	};
	objectVersion = 46;
	objects = {

/* Begin PBXBuildFile section */
		1014387E1B56448700607B9C /* Main.storyboard in Resources */ = {isa = PBXBuildFile; fileRef = 1014387C1B56448700607B9C /* Main.storyboard */; };
		101438801B56448700607B9C /* Images.xcassets in Resources */ = {isa = PBXBuildFile; fileRef = 1014387F1B56448700607B9C /* Images.xcassets */; };
		1014388F1B56448700607B9C /* KSPaintTests.m in Sources */ = {isa = PBXBuildFile; fileRef = 1014388E1B56448700607B9C /* KSPaintTests.m */; };
		103DBDBE1DB35D0100BEFBBE /* KSShareDataManager.m in Sources */ = {isa = PBXBuildFile; fileRef = 103DBDBD1DB35D0100BEFBBE /* KSShareDataManager.m */; };
		1042AF571BAFA18600A232DE /* KSHandleImageView.m in Sources */ = {isa = PBXBuildFile; fileRef = 1042AF561BAFA18600A232DE /* KSHandleImageView.m */; };
		10565D7F1BB973580064E7C8 /* KSColorToolView.m in Sources */ = {isa = PBXBuildFile; fileRef = 10565D7E1BB973580064E7C8 /* KSColorToolView.m */; };
		109720271BB2519E00873229 /* SystemConfiguration.framework in Frameworks */ = {isa = PBXBuildFile; fileRef = 109720261BB2519E00873229 /* SystemConfiguration.framework */; };
		1097202D1BB25B2900873229 /* KSUMShareToolVc.m in Sources */ = {isa = PBXBuildFile; fileRef = 1097202C1BB25B2900873229 /* KSUMShareToolVc.m */; };
		10B7CA2A1BA6798100C96C9F /* MBProgressHUD+KS.m in Sources */ = {isa = PBXBuildFile; fileRef = 10B7CA261BA6798100C96C9F /* MBProgressHUD+KS.m */; };
		10B7CA2B1BA6798100C96C9F /* MBProgressHUD.bundle in Resources */ = {isa = PBXBuildFile; fileRef = 10B7CA271BA6798100C96C9F /* MBProgressHUD.bundle */; };
		10B7CA2C1BA6798100C96C9F /* MBProgressHUD.m in Sources */ = {isa = PBXBuildFile; fileRef = 10B7CA291BA6798100C96C9F /* MBProgressHUD.m */; };
		10B7CA511BA6C62000C96C9F /* KSPenToolView.m in Sources */ = {isa = PBXBuildFile; fileRef = 10B7CA4B1BA6C62000C96C9F /* KSPenToolView.m */; };
		10B7CA521BA6C62000C96C9F /* KSSharpToolView.m in Sources */ = {isa = PBXBuildFile; fileRef = 10B7CA4D1BA6C62000C96C9F /* KSSharpToolView.m */; };
		10B7CA5E1BA6C79C00C96C9F /* KSToolScrollView.m in Sources */ = {isa = PBXBuildFile; fileRef = 10B7CA5D1BA6C79C00C96C9F /* KSToolScrollView.m */; };
		10B7CA651BA6C86C00C96C9F /* BottomItemView.m in Sources */ = {isa = PBXBuildFile; fileRef = 10B7CA641BA6C86C00C96C9F /* BottomItemView.m */; };
		10B7CA681BA6CC1600C96C9F /* KSTopView.m in Sources */ = {isa = PBXBuildFile; fileRef = 10B7CA671BA6CC1600C96C9F /* KSTopView.m */; };
		10B7CA6D1BA6CFD400C96C9F /* ButtonItem.m in Sources */ = {isa = PBXBuildFile; fileRef = 10B7CA6A1BA6CFD400C96C9F /* ButtonItem.m */; };
		10B7CA6E1BA6CFD400C96C9F /* KSBlockButton.m in Sources */ = {isa = PBXBuildFile; fileRef = 10B7CA6C1BA6CFD400C96C9F /* KSBlockButton.m */; };
		10C2016E1BA2B49C00DC6D66 /* ViewController.m in Sources */ = {isa = PBXBuildFile; fileRef = 10C201531BA2B49C00DC6D66 /* ViewController.m */; };
		10C2016F1BA2B49C00DC6D66 /* KSPaintPath.m in Sources */ = {isa = PBXBuildFile; fileRef = 10C201561BA2B49C00DC6D66 /* KSPaintPath.m */; };
		10C201701BA2B49C00DC6D66 /* AppDelegate.m in Sources */ = {isa = PBXBuildFile; fileRef = 10C201591BA2B49C00DC6D66 /* AppDelegate.m */; };
		10C201711BA2B49C00DC6D66 /* main.m in Sources */ = {isa = PBXBuildFile; fileRef = 10C2015B1BA2B49C00DC6D66 /* main.m */; };
		10C201741BA2B49C00DC6D66 /* KSPaintView.m in Sources */ = {isa = PBXBuildFile; fileRef = 10C201641BA2B49C00DC6D66 /* KSPaintView.m */; };
		10D4D3D61BAFE3FF0010A2AE /* UIImage+KS.m in Sources */ = {isa = PBXBuildFile; fileRef = 10D4D3D51BAFE3FF0010A2AE /* UIImage+KS.m */; };
		10DDDE541C7C5159006B9B15 /* UMSocialLocalizable.strings in Resources */ = {isa = PBXBuildFile; fileRef = 10DDDE3A1C7C5159006B9B15 /* UMSocialLocalizable.strings */; };
		10DDDE551C7C5159006B9B15 /* libUMSocial_Sdk_5.0.a in Frameworks */ = {isa = PBXBuildFile; fileRef = 10DDDE481C7C5159006B9B15 /* libUMSocial_Sdk_5.0.a */; };
		10DDDE561C7C5159006B9B15 /* UMSCommentDetailController.xib in Resources */ = {isa = PBXBuildFile; fileRef = 10DDDE4A1C7C5159006B9B15 /* UMSCommentDetailController.xib */; };
		10DDDE571C7C5159006B9B15 /* UMSCommentInputController.xib in Resources */ = {isa = PBXBuildFile; fileRef = 10DDDE4B1C7C5159006B9B15 /* UMSCommentInputController.xib */; };
		10DDDE581C7C5159006B9B15 /* UMSCommentInputControlleriPad.xib in Resources */ = {isa = PBXBuildFile; fileRef = 10DDDE4C1C7C5159006B9B15 /* UMSCommentInputControlleriPad.xib */; };
		10DDDE591C7C5159006B9B15 /* UMShareEditViewController.xib in Resources */ = {isa = PBXBuildFile; fileRef = 10DDDE4D1C7C5159006B9B15 /* UMShareEditViewController.xib */; };
		10DDDE5A1C7C5159006B9B15 /* UMShareEditViewControlleriPad.xib in Resources */ = {isa = PBXBuildFile; fileRef = 10DDDE4E1C7C5159006B9B15 /* UMShareEditViewControlleriPad.xib */; };
		10DDDE5B1C7C5159006B9B15 /* UMSLoginViewController.xib in Resources */ = {isa = PBXBuildFile; fileRef = 10DDDE4F1C7C5159006B9B15 /* UMSLoginViewController.xib */; };
		10DDDE5C1C7C5159006B9B15 /* UMSnsAccountViewController.xib in Resources */ = {isa = PBXBuildFile; fileRef = 10DDDE501C7C5159006B9B15 /* UMSnsAccountViewController.xib */; };
		10DDDE5D1C7C5159006B9B15 /* UMSShareListController.xib in Resources */ = {isa = PBXBuildFile; fileRef = 10DDDE511C7C5159006B9B15 /* UMSShareListController.xib */; };
		10DDDE5E1C7C5159006B9B15 /* UMSocialSDKResourcesNew.bundle in Resources */ = {isa = PBXBuildFile; fileRef = 10DDDE521C7C5159006B9B15 /* UMSocialSDKResourcesNew.bundle */; };
		10DDDE611C7D455D006B9B15 /* KSMobShareToolVC.m in Sources */ = {isa = PBXBuildFile; fileRef = 10DDDE601C7D455D006B9B15 /* KSMobShareToolVC.m */; };
		10DDDEF41C7D7B8A006B9B15 /* ShareSDK.framework in Frameworks */ = {isa = PBXBuildFile; fileRef = 10DDDED21C7D7B8A006B9B15 /* ShareSDK.framework */; };
		10DDDEF51C7D7B8A006B9B15 /* ShareSDKExtension.framework in Frameworks */ = {isa = PBXBuildFile; fileRef = 10DDDED51C7D7B8A006B9B15 /* ShareSDKExtension.framework */; };
		10DDDEF61C7D7B8A006B9B15 /* ShareSDKUI.bundle in Resources */ = {isa = PBXBuildFile; fileRef = 10DDDED61C7D7B8A006B9B15 /* ShareSDKUI.bundle */; };
		10DDDEF71C7D7B8A006B9B15 /* ShareSDKUI.framework in Frameworks */ = {isa = PBXBuildFile; fileRef = 10DDDED71C7D7B8A006B9B15 /* ShareSDKUI.framework */; };
		10DDDEF81C7D7B8A006B9B15 /* TencentOpenAPI.framework in Frameworks */ = {isa = PBXBuildFile; fileRef = 10DDDEDA1C7D7B8A006B9B15 /* TencentOpenAPI.framework */; };
		10DDDEF91C7D7B8A006B9B15 /* TencentOpenApi_IOS_Bundle.bundle in Resources */ = {isa = PBXBuildFile; fileRef = 10DDDEDB1C7D7B8A006B9B15 /* TencentOpenApi_IOS_Bundle.bundle */; };
		10DDDEFA1C7D7B8A006B9B15 /* libWeiboSDK.a in Frameworks */ = {isa = PBXBuildFile; fileRef = 10DDDEDD1C7D7B8A006B9B15 /* libWeiboSDK.a */; };
		10DDDEFB1C7D7B8A006B9B15 /* WeiboSDK.bundle in Resources */ = {isa = PBXBuildFile; fileRef = 10DDDEE71C7D7B8A006B9B15 /* WeiboSDK.bundle */; };
		10DDDEFC1C7D7B8A006B9B15 /* libWeChatSDK.a in Frameworks */ = {isa = PBXBuildFile; fileRef = 10DDDEEB1C7D7B8A006B9B15 /* libWeChatSDK.a */; };
		10DDDEFD1C7D7B8A006B9B15 /* read_me.txt in Resources */ = {isa = PBXBuildFile; fileRef = 10DDDEEC1C7D7B8A006B9B15 /* read_me.txt */; };
		10DDDEFE1C7D7B8A006B9B15 /* MOBFoundation.framework in Frameworks */ = {isa = PBXBuildFile; fileRef = 10DDDEF11C7D7B8A006B9B15 /* MOBFoundation.framework */; };
		10DDDEFF1C7D7B8A006B9B15 /* ShareSDK.bundle in Resources */ = {isa = PBXBuildFile; fileRef = 10DDDEF21C7D7B8A006B9B15 /* ShareSDK.bundle */; };
		10DDDF001C7D7B8A006B9B15 /* ShareSDKConnector.framework in Frameworks */ = {isa = PBXBuildFile; fileRef = 10DDDEF31C7D7B8A006B9B15 /* ShareSDKConnector.framework */; };
		10DDDF021C7D7BB5006B9B15 /* libicucore.tbd in Frameworks */ = {isa = PBXBuildFile; fileRef = 10DDDF011C7D7BB5006B9B15 /* libicucore.tbd */; };
		10DDDF041C7D7BBD006B9B15 /* libz.tbd in Frameworks */ = {isa = PBXBuildFile; fileRef = 10DDDF031C7D7BBD006B9B15 /* libz.tbd */; };
		10DDDF061C7D7BC7006B9B15 /* libstdc++.tbd in Frameworks */ = {isa = PBXBuildFile; fileRef = 10DDDF051C7D7BC7006B9B15 /* libstdc++.tbd */; };
		10DDDF081C7D7BCF006B9B15 /* JavaScriptCore.framework in Frameworks */ = {isa = PBXBuildFile; fileRef = 10DDDF071C7D7BCF006B9B15 /* JavaScriptCore.framework */; };
		10DDDF0A1C7D7BD7006B9B15 /* ImageIO.framework in Frameworks */ = {isa = PBXBuildFile; fileRef = 10DDDF091C7D7BD7006B9B15 /* ImageIO.framework */; };
		10DDDF0C1C7D7BDF006B9B15 /* libsqlite3.tbd in Frameworks */ = {isa = PBXBuildFile; fileRef = 10DDDF0B1C7D7BDF006B9B15 /* libsqlite3.tbd */; };
		10EEC2471BB1446B00A1AA59 /* KSTopButton.m in Sources */ = {isa = PBXBuildFile; fileRef = 10EEC2461BB1446B00A1AA59 /* KSTopButton.m */; };
		10EEC24D1BB155ED00A1AA59 /* KSBgToolView.m in Sources */ = {isa = PBXBuildFile; fileRef = 10EEC24C1BB155ED00A1AA59 /* KSBgToolView.m */; };
		10EEC2511BB15D6300A1AA59 /* Colours.m in Sources */ = {isa = PBXBuildFile; fileRef = 10EEC2501BB15D6300A1AA59 /* Colours.m */; };
		10F213AC1C8033A4004B0E83 /* KSUser.m in Sources */ = {isa = PBXBuildFile; fileRef = 10F213AB1C8033A4004B0E83 /* KSUser.m */; };
		10F832811BB3CD6D00E9C152 /* LaunchScreen.xib in Resources */ = {isa = PBXBuildFile; fileRef = 10F832801BB3CD6D00E9C152 /* LaunchScreen.xib */; };
		10FAB18D1C759F92009264FE /* KSPenWeightToolView.m in Sources */ = {isa = PBXBuildFile; fileRef = 10FAB18C1C759F92009264FE /* KSPenWeightToolView.m */; };
		774594327DE986C5CE8DE30E /* libPods-KSPaint.a in Frameworks */ = {isa = PBXBuildFile; fileRef = F0BE801D9ACFAC4AA328D9A0 /* libPods-KSPaint.a */; };
/* End PBXBuildFile section */

/* Begin PBXContainerItemProxy section */
		101438891B56448700607B9C /* PBXContainerItemProxy */ = {
			isa = PBXContainerItemProxy;
			containerPortal = 101438671B56448700607B9C /* Project object */;
			proxyType = 1;
			remoteGlobalIDString = 1014386E1B56448700607B9C;
			remoteInfo = KSPaint;
		};
/* End PBXContainerItemProxy section */

/* Begin PBXFileReference section */
		1014386F1B56448700607B9C /* KSPaint.app */ = {isa = PBXFileReference; explicitFileType = wrapper.application; includeInIndex = 0; path = KSPaint.app; sourceTree = BUILT_PRODUCTS_DIR; };
		101438731B56448700607B9C /* Info.plist */ = {isa = PBXFileReference; lastKnownFileType = text.plist.xml; path = Info.plist; sourceTree = "<group>"; };
		1014387D1B56448700607B9C /* Base */ = {isa = PBXFileReference; lastKnownFileType = file.storyboard; name = Base; path = Base.lproj/Main.storyboard; sourceTree = "<group>"; };
		1014387F1B56448700607B9C /* Images.xcassets */ = {isa = PBXFileReference; lastKnownFileType = folder.assetcatalog; path = Images.xcassets; sourceTree = "<group>"; };
		101438881B56448700607B9C /* KSPaintTests.xctest */ = {isa = PBXFileReference; explicitFileType = wrapper.cfbundle; includeInIndex = 0; path = KSPaintTests.xctest; sourceTree = BUILT_PRODUCTS_DIR; };
		1014388D1B56448700607B9C /* Info.plist */ = {isa = PBXFileReference; lastKnownFileType = text.plist.xml; path = Info.plist; sourceTree = "<group>"; };
		1014388E1B56448700607B9C /* KSPaintTests.m */ = {isa = PBXFileReference; lastKnownFileType = sourcecode.c.objc; path = KSPaintTests.m; sourceTree = "<group>"; };
		103DBDBC1DB35D0100BEFBBE /* KSShareDataManager.h */ = {isa = PBXFileReference; fileEncoding = 4; lastKnownFileType = sourcecode.c.h; path = KSShareDataManager.h; sourceTree = "<group>"; };
		103DBDBD1DB35D0100BEFBBE /* KSShareDataManager.m */ = {isa = PBXFileReference; fileEncoding = 4; lastKnownFileType = sourcecode.c.objc; path = KSShareDataManager.m; sourceTree = "<group>"; };
		103DBDC01DB35D8800BEFBBE /* Singleton.h */ = {isa = PBXFileReference; fileEncoding = 4; lastKnownFileType = sourcecode.c.h; path = Singleton.h; sourceTree = "<group>"; };
		1042AF551BAFA18600A232DE /* KSHandleImageView.h */ = {isa = PBXFileReference; fileEncoding = 4; lastKnownFileType = sourcecode.c.h; path = KSHandleImageView.h; sourceTree = "<group>"; };
		1042AF561BAFA18600A232DE /* KSHandleImageView.m */ = {isa = PBXFileReference; fileEncoding = 4; lastKnownFileType = sourcecode.c.objc; path = KSHandleImageView.m; sourceTree = "<group>"; };
		10565D7D1BB973580064E7C8 /* KSColorToolView.h */ = {isa = PBXFileReference; fileEncoding = 4; lastKnownFileType = sourcecode.c.h; path = KSColorToolView.h; sourceTree = "<group>"; };
		10565D7E1BB973580064E7C8 /* KSColorToolView.m */ = {isa = PBXFileReference; fileEncoding = 4; lastKnownFileType = sourcecode.c.objc; path = KSColorToolView.m; sourceTree = "<group>"; };
		109720261BB2519E00873229 /* SystemConfiguration.framework */ = {isa = PBXFileReference; lastKnownFileType = wrapper.framework; name = SystemConfiguration.framework; path = System/Library/Frameworks/SystemConfiguration.framework; sourceTree = SDKROOT; };
		1097202B1BB25B2900873229 /* KSUMShareToolVc.h */ = {isa = PBXFileReference; fileEncoding = 4; lastKnownFileType = sourcecode.c.h; name = KSUMShareToolVc.h; path = Controller/KSUMShareToolVc.h; sourceTree = "<group>"; };
		1097202C1BB25B2900873229 /* KSUMShareToolVc.m */ = {isa = PBXFileReference; fileEncoding = 4; lastKnownFileType = sourcecode.c.objc; name = KSUMShareToolVc.m; path = Controller/KSUMShareToolVc.m; sourceTree = "<group>"; };
		1097202E1BB2A25C00873229 /* KSingleton.h */ = {isa = PBXFileReference; fileEncoding = 4; lastKnownFileType = sourcecode.c.h; path = KSingleton.h; sourceTree = "<group>"; };
		10B7CA251BA6798100C96C9F /* MBProgressHUD+KS.h */ = {isa = PBXFileReference; fileEncoding = 4; lastKnownFileType = sourcecode.c.h; path = "MBProgressHUD+KS.h"; sourceTree = "<group>"; };
		10B7CA261BA6798100C96C9F /* MBProgressHUD+KS.m */ = {isa = PBXFileReference; fileEncoding = 4; lastKnownFileType = sourcecode.c.objc; path = "MBProgressHUD+KS.m"; sourceTree = "<group>"; };
		10B7CA271BA6798100C96C9F /* MBProgressHUD.bundle */ = {isa = PBXFileReference; lastKnownFileType = "wrapper.plug-in"; path = MBProgressHUD.bundle; sourceTree = "<group>"; };
		10B7CA281BA6798100C96C9F /* MBProgressHUD.h */ = {isa = PBXFileReference; fileEncoding = 4; lastKnownFileType = sourcecode.c.h; path = MBProgressHUD.h; sourceTree = "<group>"; };
		10B7CA291BA6798100C96C9F /* MBProgressHUD.m */ = {isa = PBXFileReference; fileEncoding = 4; lastKnownFileType = sourcecode.c.objc; path = MBProgressHUD.m; sourceTree = "<group>"; };
		10B7CA4A1BA6C62000C96C9F /* KSPenToolView.h */ = {isa = PBXFileReference; fileEncoding = 4; lastKnownFileType = sourcecode.c.h; path = KSPenToolView.h; sourceTree = "<group>"; };
		10B7CA4B1BA6C62000C96C9F /* KSPenToolView.m */ = {isa = PBXFileReference; fileEncoding = 4; lastKnownFileType = sourcecode.c.objc; path = KSPenToolView.m; sourceTree = "<group>"; };
		10B7CA4C1BA6C62000C96C9F /* KSSharpToolView.h */ = {isa = PBXFileReference; fileEncoding = 4; lastKnownFileType = sourcecode.c.h; path = KSSharpToolView.h; sourceTree = "<group>"; };
		10B7CA4D1BA6C62000C96C9F /* KSSharpToolView.m */ = {isa = PBXFileReference; fileEncoding = 4; lastKnownFileType = sourcecode.c.objc; path = KSSharpToolView.m; sourceTree = "<group>"; };
		10B7CA5C1BA6C79C00C96C9F /* KSToolScrollView.h */ = {isa = PBXFileReference; fileEncoding = 4; lastKnownFileType = sourcecode.c.h; path = KSToolScrollView.h; sourceTree = "<group>"; };
		10B7CA5D1BA6C79C00C96C9F /* KSToolScrollView.m */ = {isa = PBXFileReference; fileEncoding = 4; lastKnownFileType = sourcecode.c.objc; path = KSToolScrollView.m; sourceTree = "<group>"; };
		10B7CA631BA6C86C00C96C9F /* BottomItemView.h */ = {isa = PBXFileReference; fileEncoding = 4; lastKnownFileType = sourcecode.c.h; path = BottomItemView.h; sourceTree = "<group>"; };
		10B7CA641BA6C86C00C96C9F /* BottomItemView.m */ = {isa = PBXFileReference; fileEncoding = 4; lastKnownFileType = sourcecode.c.objc; path = BottomItemView.m; sourceTree = "<group>"; };
		10B7CA661BA6CC1600C96C9F /* KSTopView.h */ = {isa = PBXFileReference; fileEncoding = 4; lastKnownFileType = sourcecode.c.h; path = KSTopView.h; sourceTree = "<group>"; };
		10B7CA671BA6CC1600C96C9F /* KSTopView.m */ = {isa = PBXFileReference; fileEncoding = 4; lastKnownFileType = sourcecode.c.objc; path = KSTopView.m; sourceTree = "<group>"; };
		10B7CA691BA6CFD400C96C9F /* ButtonItem.h */ = {isa = PBXFileReference; fileEncoding = 4; lastKnownFileType = sourcecode.c.h; path = ButtonItem.h; sourceTree = "<group>"; };
		10B7CA6A1BA6CFD400C96C9F /* ButtonItem.m */ = {isa = PBXFileReference; fileEncoding = 4; lastKnownFileType = sourcecode.c.objc; path = ButtonItem.m; sourceTree = "<group>"; };
		10B7CA6B1BA6CFD400C96C9F /* KSBlockButton.h */ = {isa = PBXFileReference; fileEncoding = 4; lastKnownFileType = sourcecode.c.h; path = KSBlockButton.h; sourceTree = "<group>"; };
		10B7CA6C1BA6CFD400C96C9F /* KSBlockButton.m */ = {isa = PBXFileReference; fileEncoding = 4; lastKnownFileType = sourcecode.c.objc; path = KSBlockButton.m; sourceTree = "<group>"; };
		10C201521BA2B49C00DC6D66 /* ViewController.h */ = {isa = PBXFileReference; fileEncoding = 4; lastKnownFileType = sourcecode.c.h; path = ViewController.h; sourceTree = "<group>"; };
		10C201531BA2B49C00DC6D66 /* ViewController.m */ = {isa = PBXFileReference; fileEncoding = 4; lastKnownFileType = sourcecode.c.objc; path = ViewController.m; sourceTree = "<group>"; };
		10C201551BA2B49C00DC6D66 /* KSPaintPath.h */ = {isa = PBXFileReference; fileEncoding = 4; lastKnownFileType = sourcecode.c.h; name = KSPaintPath.h; path = ../../Modal/KSPaintPath.h; sourceTree = "<group>"; };
		10C201561BA2B49C00DC6D66 /* KSPaintPath.m */ = {isa = PBXFileReference; fileEncoding = 4; lastKnownFileType = sourcecode.c.objc; name = KSPaintPath.m; path = ../../Modal/KSPaintPath.m; sourceTree = "<group>"; };
		10C201581BA2B49C00DC6D66 /* AppDelegate.h */ = {isa = PBXFileReference; fileEncoding = 4; lastKnownFileType = sourcecode.c.h; path = AppDelegate.h; sourceTree = "<group>"; };
		10C201591BA2B49C00DC6D66 /* AppDelegate.m */ = {isa = PBXFileReference; fileEncoding = 4; lastKnownFileType = sourcecode.c.objc; path = AppDelegate.m; sourceTree = "<group>"; };
		10C2015A1BA2B49C00DC6D66 /* KSPaint.h */ = {isa = PBXFileReference; fileEncoding = 4; lastKnownFileType = sourcecode.c.h; path = KSPaint.h; sourceTree = "<group>"; };
		10C2015B1BA2B49C00DC6D66 /* main.m */ = {isa = PBXFileReference; fileEncoding = 4; lastKnownFileType = sourcecode.c.objc; path = main.m; sourceTree = "<group>"; };
		10C201631BA2B49C00DC6D66 /* KSPaintView.h */ = {isa = PBXFileReference; fileEncoding = 4; lastKnownFileType = sourcecode.c.h; path = KSPaintView.h; sourceTree = "<group>"; };
		10C201641BA2B49C00DC6D66 /* KSPaintView.m */ = {isa = PBXFileReference; fileEncoding = 4; lastKnownFileType = sourcecode.c.objc; path = KSPaintView.m; sourceTree = "<group>"; };
		10D4D3D41BAFE3FF0010A2AE /* UIImage+KS.h */ = {isa = PBXFileReference; fileEncoding = 4; lastKnownFileType = sourcecode.c.h; path = "UIImage+KS.h"; sourceTree = "<group>"; };
		10D4D3D51BAFE3FF0010A2AE /* UIImage+KS.m */ = {isa = PBXFileReference; fileEncoding = 4; lastKnownFileType = sourcecode.c.objc; path = "UIImage+KS.m"; sourceTree = "<group>"; };
		10DDDE3B1C7C5159006B9B15 /* en */ = {isa = PBXFileReference; lastKnownFileType = text.plist.strings; name = en; path = en.lproj/UMSocialLocalizable.strings; sourceTree = "<group>"; };
		10DDDE3D1C7C5159006B9B15 /* UMSocial.h */ = {isa = PBXFileReference; fileEncoding = 4; lastKnownFileType = sourcecode.c.h; path = UMSocial.h; sourceTree = "<group>"; };
		10DDDE3E1C7C5159006B9B15 /* UMSocialAccountManager.h */ = {isa = PBXFileReference; fileEncoding = 4; lastKnownFileType = sourcecode.c.h; path = UMSocialAccountManager.h; sourceTree = "<group>"; };
		10DDDE3F1C7C5159006B9B15 /* UMSocialBar.h */ = {isa = PBXFileReference; fileEncoding = 4; lastKnownFileType = sourcecode.c.h; path = UMSocialBar.h; sourceTree = "<group>"; };
		10DDDE401C7C5159006B9B15 /* UMSocialConfig.h */ = {isa = PBXFileReference; fileEncoding = 4; lastKnownFileType = sourcecode.c.h; path = UMSocialConfig.h; sourceTree = "<group>"; };
		10DDDE411C7C5159006B9B15 /* UMSocialControllerService.h */ = {isa = PBXFileReference; fileEncoding = 4; lastKnownFileType = sourcecode.c.h; path = UMSocialControllerService.h; sourceTree = "<group>"; };
		10DDDE421C7C5159006B9B15 /* UMSocialControllerServiceComment.h */ = {isa = PBXFileReference; fileEncoding = 4; lastKnownFileType = sourcecode.c.h; path = UMSocialControllerServiceComment.h; sourceTree = "<group>"; };
		10DDDE431C7C5159006B9B15 /* UMSocialData.h */ = {isa = PBXFileReference; fileEncoding = 4; lastKnownFileType = sourcecode.c.h; path = UMSocialData.h; sourceTree = "<group>"; };
		10DDDE441C7C5159006B9B15 /* UMSocialDataService.h */ = {isa = PBXFileReference; fileEncoding = 4; lastKnownFileType = sourcecode.c.h; path = UMSocialDataService.h; sourceTree = "<group>"; };
		10DDDE451C7C5159006B9B15 /* UMSocialSnsData.h */ = {isa = PBXFileReference; fileEncoding = 4; lastKnownFileType = sourcecode.c.h; path = UMSocialSnsData.h; sourceTree = "<group>"; };
		10DDDE461C7C5159006B9B15 /* UMSocialSnsPlatformManager.h */ = {isa = PBXFileReference; fileEncoding = 4; lastKnownFileType = sourcecode.c.h; path = UMSocialSnsPlatformManager.h; sourceTree = "<group>"; };
		10DDDE471C7C5159006B9B15 /* UMSocialSnsService.h */ = {isa = PBXFileReference; fileEncoding = 4; lastKnownFileType = sourcecode.c.h; path = UMSocialSnsService.h; sourceTree = "<group>"; };
		10DDDE481C7C5159006B9B15 /* libUMSocial_Sdk_5.0.a */ = {isa = PBXFileReference; lastKnownFileType = archive.ar; path = libUMSocial_Sdk_5.0.a; sourceTree = "<group>"; };
		10DDDE4A1C7C5159006B9B15 /* UMSCommentDetailController.xib */ = {isa = PBXFileReference; fileEncoding = 4; lastKnownFileType = file.xib; path = UMSCommentDetailController.xib; sourceTree = "<group>"; };
		10DDDE4B1C7C5159006B9B15 /* UMSCommentInputController.xib */ = {isa = PBXFileReference; fileEncoding = 4; lastKnownFileType = file.xib; path = UMSCommentInputController.xib; sourceTree = "<group>"; };
		10DDDE4C1C7C5159006B9B15 /* UMSCommentInputControlleriPad.xib */ = {isa = PBXFileReference; fileEncoding = 4; lastKnownFileType = file.xib; path = UMSCommentInputControlleriPad.xib; sourceTree = "<group>"; };
		10DDDE4D1C7C5159006B9B15 /* UMShareEditViewController.xib */ = {isa = PBXFileReference; fileEncoding = 4; lastKnownFileType = file.xib; path = UMShareEditViewController.xib; sourceTree = "<group>"; };
		10DDDE4E1C7C5159006B9B15 /* UMShareEditViewControlleriPad.xib */ = {isa = PBXFileReference; fileEncoding = 4; lastKnownFileType = file.xib; path = UMShareEditViewControlleriPad.xib; sourceTree = "<group>"; };
		10DDDE4F1C7C5159006B9B15 /* UMSLoginViewController.xib */ = {isa = PBXFileReference; fileEncoding = 4; lastKnownFileType = file.xib; path = UMSLoginViewController.xib; sourceTree = "<group>"; };
		10DDDE501C7C5159006B9B15 /* UMSnsAccountViewController.xib */ = {isa = PBXFileReference; fileEncoding = 4; lastKnownFileType = file.xib; path = UMSnsAccountViewController.xib; sourceTree = "<group>"; };
		10DDDE511C7C5159006B9B15 /* UMSShareListController.xib */ = {isa = PBXFileReference; fileEncoding = 4; lastKnownFileType = file.xib; path = UMSShareListController.xib; sourceTree = "<group>"; };
		10DDDE521C7C5159006B9B15 /* UMSocialSDKResourcesNew.bundle */ = {isa = PBXFileReference; lastKnownFileType = "wrapper.plug-in"; path = UMSocialSDKResourcesNew.bundle; sourceTree = "<group>"; };
		10DDDE531C7C5159006B9B15 /* zh-Hans */ = {isa = PBXFileReference; lastKnownFileType = text.plist.strings; name = "zh-Hans"; path = "zh-Hans.lproj/UMSocialLocalizable.strings"; sourceTree = "<group>"; };
		10DDDE5F1C7D455D006B9B15 /* KSMobShareToolVC.h */ = {isa = PBXFileReference; fileEncoding = 4; lastKnownFileType = sourcecode.c.h; path = KSMobShareToolVC.h; sourceTree = "<group>"; };
		10DDDE601C7D455D006B9B15 /* KSMobShareToolVC.m */ = {isa = PBXFileReference; fileEncoding = 4; lastKnownFileType = sourcecode.c.objc; path = KSMobShareToolVC.m; sourceTree = "<group>"; };
		10DDDED21C7D7B8A006B9B15 /* ShareSDK.framework */ = {isa = PBXFileReference; lastKnownFileType = wrapper.framework; path = ShareSDK.framework; sourceTree = "<group>"; };
		10DDDED51C7D7B8A006B9B15 /* ShareSDKExtension.framework */ = {isa = PBXFileReference; lastKnownFileType = wrapper.framework; path = ShareSDKExtension.framework; sourceTree = "<group>"; };
		10DDDED61C7D7B8A006B9B15 /* ShareSDKUI.bundle */ = {isa = PBXFileReference; lastKnownFileType = "wrapper.plug-in"; path = ShareSDKUI.bundle; sourceTree = "<group>"; };
		10DDDED71C7D7B8A006B9B15 /* ShareSDKUI.framework */ = {isa = PBXFileReference; lastKnownFileType = wrapper.framework; path = ShareSDKUI.framework; sourceTree = "<group>"; };
		10DDDEDA1C7D7B8A006B9B15 /* TencentOpenAPI.framework */ = {isa = PBXFileReference; lastKnownFileType = wrapper.framework; path = TencentOpenAPI.framework; sourceTree = "<group>"; };
		10DDDEDB1C7D7B8A006B9B15 /* TencentOpenApi_IOS_Bundle.bundle */ = {isa = PBXFileReference; lastKnownFileType = "wrapper.plug-in"; path = TencentOpenApi_IOS_Bundle.bundle; sourceTree = "<group>"; };
		10DDDEDD1C7D7B8A006B9B15 /* libWeiboSDK.a */ = {isa = PBXFileReference; lastKnownFileType = archive.ar; path = libWeiboSDK.a; sourceTree = "<group>"; };
		10DDDEDE1C7D7B8A006B9B15 /* WBHttpRequest+WeiboGame.h */ = {isa = PBXFileReference; fileEncoding = 4; lastKnownFileType = sourcecode.c.h; path = "WBHttpRequest+WeiboGame.h"; sourceTree = "<group>"; };
		10DDDEDF1C7D7B8A006B9B15 /* WBHttpRequest+WeiboShare.h */ = {isa = PBXFileReference; fileEncoding = 4; lastKnownFileType = sourcecode.c.h; path = "WBHttpRequest+WeiboShare.h"; sourceTree = "<group>"; };
		10DDDEE01C7D7B8A006B9B15 /* WBHttpRequest+WeiboToken.h */ = {isa = PBXFileReference; fileEncoding = 4; lastKnownFileType = sourcecode.c.h; path = "WBHttpRequest+WeiboToken.h"; sourceTree = "<group>"; };
		10DDDEE11C7D7B8A006B9B15 /* WBHttpRequest+WeiboUser.h */ = {isa = PBXFileReference; fileEncoding = 4; lastKnownFileType = sourcecode.c.h; path = "WBHttpRequest+WeiboUser.h"; sourceTree = "<group>"; };
		10DDDEE21C7D7B8A006B9B15 /* WBHttpRequest.h */ = {isa = PBXFileReference; fileEncoding = 4; lastKnownFileType = sourcecode.c.h; path = WBHttpRequest.h; sourceTree = "<group>"; };
		10DDDEE31C7D7B8A006B9B15 /* WBSDKBasicButton.h */ = {isa = PBXFileReference; fileEncoding = 4; lastKnownFileType = sourcecode.c.h; path = WBSDKBasicButton.h; sourceTree = "<group>"; };
		10DDDEE41C7D7B8A006B9B15 /* WBSDKCommentButton.h */ = {isa = PBXFileReference; fileEncoding = 4; lastKnownFileType = sourcecode.c.h; path = WBSDKCommentButton.h; sourceTree = "<group>"; };
		10DDDEE51C7D7B8A006B9B15 /* WBSDKRelationshipButton.h */ = {isa = PBXFileReference; fileEncoding = 4; lastKnownFileType = sourcecode.c.h; path = WBSDKRelationshipButton.h; sourceTree = "<group>"; };
		10DDDEE61C7D7B8A006B9B15 /* WeiboSDK+Statistics.h */ = {isa = PBXFileReference; fileEncoding = 4; lastKnownFileType = sourcecode.c.h; path = "WeiboSDK+Statistics.h"; sourceTree = "<group>"; };
		10DDDEE71C7D7B8A006B9B15 /* WeiboSDK.bundle */ = {isa = PBXFileReference; lastKnownFileType = "wrapper.plug-in"; path = WeiboSDK.bundle; sourceTree = "<group>"; };
		10DDDEE81C7D7B8A006B9B15 /* WeiboSDK.h */ = {isa = PBXFileReference; fileEncoding = 4; lastKnownFileType = sourcecode.c.h; path = WeiboSDK.h; sourceTree = "<group>"; };
		10DDDEE91C7D7B8A006B9B15 /* WeiboUser.h */ = {isa = PBXFileReference; fileEncoding = 4; lastKnownFileType = sourcecode.c.h; path = WeiboUser.h; sourceTree = "<group>"; };
		10DDDEEB1C7D7B8A006B9B15 /* libWeChatSDK.a */ = {isa = PBXFileReference; lastKnownFileType = archive.ar; path = libWeChatSDK.a; sourceTree = "<group>"; };
		10DDDEEC1C7D7B8A006B9B15 /* read_me.txt */ = {isa = PBXFileReference; fileEncoding = 4; lastKnownFileType = text; path = read_me.txt; sourceTree = "<group>"; };
		10DDDEED1C7D7B8A006B9B15 /* WechatAuthSDK.h */ = {isa = PBXFileReference; fileEncoding = 4; lastKnownFileType = sourcecode.c.h; path = WechatAuthSDK.h; sourceTree = "<group>"; };
		10DDDEEE1C7D7B8A006B9B15 /* WXApi.h */ = {isa = PBXFileReference; fileEncoding = 4; lastKnownFileType = sourcecode.c.h; path = WXApi.h; sourceTree = "<group>"; };
		10DDDEEF1C7D7B8A006B9B15 /* WXApiObject.h */ = {isa = PBXFileReference; fileEncoding = 4; lastKnownFileType = sourcecode.c.h; path = WXApiObject.h; sourceTree = "<group>"; };
		10DDDEF11C7D7B8A006B9B15 /* MOBFoundation.framework */ = {isa = PBXFileReference; lastKnownFileType = wrapper.framework; path = MOBFoundation.framework; sourceTree = "<group>"; };
		10DDDEF21C7D7B8A006B9B15 /* ShareSDK.bundle */ = {isa = PBXFileReference; lastKnownFileType = "wrapper.plug-in"; path = ShareSDK.bundle; sourceTree = "<group>"; };
		10DDDEF31C7D7B8A006B9B15 /* ShareSDKConnector.framework */ = {isa = PBXFileReference; lastKnownFileType = wrapper.framework; path = ShareSDKConnector.framework; sourceTree = "<group>"; };
		10DDDF011C7D7BB5006B9B15 /* libicucore.tbd */ = {isa = PBXFileReference; lastKnownFileType = "sourcecode.text-based-dylib-definition"; name = libicucore.tbd; path = usr/lib/libicucore.tbd; sourceTree = SDKROOT; };
		10DDDF031C7D7BBD006B9B15 /* libz.tbd */ = {isa = PBXFileReference; lastKnownFileType = "sourcecode.text-based-dylib-definition"; name = libz.tbd; path = usr/lib/libz.tbd; sourceTree = SDKROOT; };
		10DDDF051C7D7BC7006B9B15 /* libstdc++.tbd */ = {isa = PBXFileReference; lastKnownFileType = "sourcecode.text-based-dylib-definition"; name = "libstdc++.tbd"; path = "usr/lib/libstdc++.tbd"; sourceTree = SDKROOT; };
		10DDDF071C7D7BCF006B9B15 /* JavaScriptCore.framework */ = {isa = PBXFileReference; lastKnownFileType = wrapper.framework; name = JavaScriptCore.framework; path = System/Library/PrivateFrameworks/JavaScriptCore.framework; sourceTree = SDKROOT; };
		10DDDF091C7D7BD7006B9B15 /* ImageIO.framework */ = {isa = PBXFileReference; lastKnownFileType = wrapper.framework; name = ImageIO.framework; path = System/Library/Frameworks/ImageIO.framework; sourceTree = SDKROOT; };
		10DDDF0B1C7D7BDF006B9B15 /* libsqlite3.tbd */ = {isa = PBXFileReference; lastKnownFileType = "sourcecode.text-based-dylib-definition"; name = libsqlite3.tbd; path = usr/lib/libsqlite3.tbd; sourceTree = SDKROOT; };
		10EEC2451BB1446B00A1AA59 /* KSTopButton.h */ = {isa = PBXFileReference; fileEncoding = 4; lastKnownFileType = sourcecode.c.h; path = KSTopButton.h; sourceTree = "<group>"; };
		10EEC2461BB1446B00A1AA59 /* KSTopButton.m */ = {isa = PBXFileReference; fileEncoding = 4; lastKnownFileType = sourcecode.c.objc; path = KSTopButton.m; sourceTree = "<group>"; };
		10EEC24B1BB155ED00A1AA59 /* KSBgToolView.h */ = {isa = PBXFileReference; fileEncoding = 4; lastKnownFileType = sourcecode.c.h; path = KSBgToolView.h; sourceTree = "<group>"; };
		10EEC24C1BB155ED00A1AA59 /* KSBgToolView.m */ = {isa = PBXFileReference; fileEncoding = 4; lastKnownFileType = sourcecode.c.objc; path = KSBgToolView.m; sourceTree = "<group>"; };
		10EEC24F1BB15D6300A1AA59 /* Colours.h */ = {isa = PBXFileReference; fileEncoding = 4; lastKnownFileType = sourcecode.c.h; path = Colours.h; sourceTree = "<group>"; };
		10EEC2501BB15D6300A1AA59 /* Colours.m */ = {isa = PBXFileReference; fileEncoding = 4; lastKnownFileType = sourcecode.c.objc; path = Colours.m; sourceTree = "<group>"; };
		10F213AA1C8033A4004B0E83 /* KSUser.h */ = {isa = PBXFileReference; fileEncoding = 4; lastKnownFileType = sourcecode.c.h; path = KSUser.h; sourceTree = "<group>"; };
		10F213AB1C8033A4004B0E83 /* KSUser.m */ = {isa = PBXFileReference; fileEncoding = 4; lastKnownFileType = sourcecode.c.objc; path = KSUser.m; sourceTree = "<group>"; };
		10F832801BB3CD6D00E9C152 /* LaunchScreen.xib */ = {isa = PBXFileReference; fileEncoding = 4; lastKnownFileType = file.xib; path = LaunchScreen.xib; sourceTree = "<group>"; };
		10FAB18B1C759F92009264FE /* KSPenWeightToolView.h */ = {isa = PBXFileReference; fileEncoding = 4; lastKnownFileType = sourcecode.c.h; path = KSPenWeightToolView.h; sourceTree = "<group>"; };
		10FAB18C1C759F92009264FE /* KSPenWeightToolView.m */ = {isa = PBXFileReference; fileEncoding = 4; lastKnownFileType = sourcecode.c.objc; path = KSPenWeightToolView.m; sourceTree = "<group>"; };
		4EDF7BFE487FD55D5FECF8B9 /* Pods-KSPaint.debug.xcconfig */ = {isa = PBXFileReference; includeInIndex = 1; lastKnownFileType = text.xcconfig; name = "Pods-KSPaint.debug.xcconfig"; path = "Pods/Target Support Files/Pods-KSPaint/Pods-KSPaint.debug.xcconfig"; sourceTree = "<group>"; };
		531373DF0ECD060F075BE589 /* Pods-KSPaint.release.xcconfig */ = {isa = PBXFileReference; includeInIndex = 1; lastKnownFileType = text.xcconfig; name = "Pods-KSPaint.release.xcconfig"; path = "Pods/Target Support Files/Pods-KSPaint/Pods-KSPaint.release.xcconfig"; sourceTree = "<group>"; };
		F0BE801D9ACFAC4AA328D9A0 /* libPods-KSPaint.a */ = {isa = PBXFileReference; explicitFileType = archive.ar; includeInIndex = 0; path = "libPods-KSPaint.a"; sourceTree = BUILT_PRODUCTS_DIR; };
/* End PBXFileReference section */

/* Begin PBXFrameworksBuildPhase section */
		1014386C1B56448700607B9C /* Frameworks */ = {
			isa = PBXFrameworksBuildPhase;
			buildActionMask = 2147483647;
			files = (
				10DDDF0C1C7D7BDF006B9B15 /* libsqlite3.tbd in Frameworks */,
				10DDDF0A1C7D7BD7006B9B15 /* ImageIO.framework in Frameworks */,
				10DDDF081C7D7BCF006B9B15 /* JavaScriptCore.framework in Frameworks */,
				10DDDF061C7D7BC7006B9B15 /* libstdc++.tbd in Frameworks */,
				10DDDF041C7D7BBD006B9B15 /* libz.tbd in Frameworks */,
				10DDDF021C7D7BB5006B9B15 /* libicucore.tbd in Frameworks */,
				10DDDE551C7C5159006B9B15 /* libUMSocial_Sdk_5.0.a in Frameworks */,
				10DDDEF71C7D7B8A006B9B15 /* ShareSDKUI.framework in Frameworks */,
				10DDDEFE1C7D7B8A006B9B15 /* MOBFoundation.framework in Frameworks */,
				10DDDF001C7D7B8A006B9B15 /* ShareSDKConnector.framework in Frameworks */,
				10DDDEFC1C7D7B8A006B9B15 /* libWeChatSDK.a in Frameworks */,
				109720271BB2519E00873229 /* SystemConfiguration.framework in Frameworks */,
				10DDDEFA1C7D7B8A006B9B15 /* libWeiboSDK.a in Frameworks */,
				10DDDEF51C7D7B8A006B9B15 /* ShareSDKExtension.framework in Frameworks */,
				774594327DE986C5CE8DE30E /* libPods-KSPaint.a in Frameworks */,
				10DDDEF81C7D7B8A006B9B15 /* TencentOpenAPI.framework in Frameworks */,
				10DDDEF41C7D7B8A006B9B15 /* ShareSDK.framework in Frameworks */,
			);
			runOnlyForDeploymentPostprocessing = 0;
		};
		101438851B56448700607B9C /* Frameworks */ = {
			isa = PBXFrameworksBuildPhase;
			buildActionMask = 2147483647;
			files = (
			);
			runOnlyForDeploymentPostprocessing = 0;
		};
/* End PBXFrameworksBuildPhase section */

/* Begin PBXGroup section */
		101438661B56448700607B9C = {
			isa = PBXGroup;
			children = (
				101438711B56448700607B9C /* KSPaint */,
				1014388B1B56448700607B9C /* KSPaintTests */,
				C4C2F17CFE28DAE715193D69 /* Pods */,
				AC81A9327C0B59F0BE01DD05 /* Frameworks */,
			);
			sourceTree = "<group>";
		};
		101438701B56448700607B9C /* Products */ = {
			isa = PBXGroup;
			children = (
				1014386F1B56448700607B9C /* KSPaint.app */,
				101438881B56448700607B9C /* KSPaintTests.xctest */,
			);
			name = Products;
			path = ..;
			sourceTree = "<group>";
		};
		101438711B56448700607B9C /* KSPaint */ = {
			isa = PBXGroup;
			children = (
				10C201501BA2B49C00DC6D66 /* Classes */,
				1014387F1B56448700607B9C /* Images.xcassets */,
				1014387C1B56448700607B9C /* Main.storyboard */,
				10F832801BB3CD6D00E9C152 /* LaunchScreen.xib */,
				101438721B56448700607B9C /* Supporting Files */,
				101438701B56448700607B9C /* Products */,
			);
			path = KSPaint;
			sourceTree = "<group>";
		};
		101438721B56448700607B9C /* Supporting Files */ = {
			isa = PBXGroup;
			children = (
				109720261BB2519E00873229 /* SystemConfiguration.framework */,
				101438731B56448700607B9C /* Info.plist */,
			);
			name = "Supporting Files";
			sourceTree = "<group>";
		};
		1014388B1B56448700607B9C /* KSPaintTests */ = {
			isa = PBXGroup;
			children = (
				1014388E1B56448700607B9C /* KSPaintTests.m */,
				1014388C1B56448700607B9C /* Supporting Files */,
			);
			path = KSPaintTests;
			sourceTree = "<group>";
		};
		1014388C1B56448700607B9C /* Supporting Files */ = {
			isa = PBXGroup;
			children = (
				1014388D1B56448700607B9C /* Info.plist */,
			);
			name = "Supporting Files";
			sourceTree = "<group>";
		};
		103DBDBF1DB35D8000BEFBBE /* Macro */ = {
			isa = PBXGroup;
			children = (
				103DBDC01DB35D8800BEFBBE /* Singleton.h */,
			);
			path = Macro;
			sourceTree = "<group>";
		};
		10B7CA231BA6798100C96C9F /* Lib */ = {
			isa = PBXGroup;
			children = (
				1097202E1BB2A25C00873229 /* KSingleton.h */,
				10D4D3D41BAFE3FF0010A2AE /* UIImage+KS.h */,
				10D4D3D51BAFE3FF0010A2AE /* UIImage+KS.m */,
				10EEC24E1BB15D6300A1AA59 /* Colours */,
			);
			path = Lib;
			sourceTree = "<group>";
		};
		10B7CA241BA6798100C96C9F /* MBProgressHUD */ = {
			isa = PBXGroup;
			children = (
				10B7CA251BA6798100C96C9F /* MBProgressHUD+KS.h */,
				10B7CA261BA6798100C96C9F /* MBProgressHUD+KS.m */,
				10B7CA271BA6798100C96C9F /* MBProgressHUD.bundle */,
				10B7CA281BA6798100C96C9F /* MBProgressHUD.h */,
				10B7CA291BA6798100C96C9F /* MBProgressHUD.m */,
			);
			name = MBProgressHUD;
			path = ../MBProgressHUD;
			sourceTree = "<group>";
		};
		10B7CA471BA6C62000C96C9F /* BottomToolView */ = {
			isa = PBXGroup;
			children = (
				10B7CA5C1BA6C79C00C96C9F /* KSToolScrollView.h */,
				10B7CA5D1BA6C79C00C96C9F /* KSToolScrollView.m */,
				10B7CA4A1BA6C62000C96C9F /* KSPenToolView.h */,
				10B7CA4B1BA6C62000C96C9F /* KSPenToolView.m */,
				10B7CA4C1BA6C62000C96C9F /* KSSharpToolView.h */,
				10B7CA4D1BA6C62000C96C9F /* KSSharpToolView.m */,
				10EEC24B1BB155ED00A1AA59 /* KSBgToolView.h */,
				10EEC24C1BB155ED00A1AA59 /* KSBgToolView.m */,
				10565D7D1BB973580064E7C8 /* KSColorToolView.h */,
				10565D7E1BB973580064E7C8 /* KSColorToolView.m */,
				10FAB18B1C759F92009264FE /* KSPenWeightToolView.h */,
				10FAB18C1C759F92009264FE /* KSPenWeightToolView.m */,
			);
			path = BottomToolView;
			sourceTree = "<group>";
		};
		10B7CA541BA6C63B00C96C9F /* TopToolView */ = {
			isa = PBXGroup;
			children = (
				10EEC2451BB1446B00A1AA59 /* KSTopButton.h */,
				10EEC2461BB1446B00A1AA59 /* KSTopButton.m */,
				10B7CA661BA6CC1600C96C9F /* KSTopView.h */,
				10B7CA671BA6CC1600C96C9F /* KSTopView.m */,
			);
			path = TopToolView;
			sourceTree = "<group>";
		};
		10B7CA621BA6C86C00C96C9F /* ToolView */ = {
			isa = PBXGroup;
			children = (
				10B7CA691BA6CFD400C96C9F /* ButtonItem.h */,
				10B7CA6A1BA6CFD400C96C9F /* ButtonItem.m */,
				10B7CA6B1BA6CFD400C96C9F /* KSBlockButton.h */,
				10B7CA6C1BA6CFD400C96C9F /* KSBlockButton.m */,
				10B7CA631BA6C86C00C96C9F /* BottomItemView.h */,
				10B7CA641BA6C86C00C96C9F /* BottomItemView.m */,
			);
			path = ToolView;
			sourceTree = "<group>";
		};
		10C201501BA2B49C00DC6D66 /* Classes */ = {
			isa = PBXGroup;
			children = (
				103DBDBF1DB35D8000BEFBBE /* Macro */,
				10DDDE631C7D4573006B9B15 /* Share */,
				10C201511BA2B49C00DC6D66 /* Controller */,
				10C2015C1BA2B49C00DC6D66 /* View */,
				10C201571BA2B49C00DC6D66 /* Others */,
				10B7CA231BA6798100C96C9F /* Lib */,
			);
			path = Classes;
			sourceTree = "<group>";
		};
		10C201511BA2B49C00DC6D66 /* Controller */ = {
			isa = PBXGroup;
			children = (
				10C201521BA2B49C00DC6D66 /* ViewController.h */,
				10C201531BA2B49C00DC6D66 /* ViewController.m */,
			);
			path = Controller;
			sourceTree = "<group>";
		};
		10C201571BA2B49C00DC6D66 /* Others */ = {
			isa = PBXGroup;
			children = (
				10C201581BA2B49C00DC6D66 /* AppDelegate.h */,
				10C201591BA2B49C00DC6D66 /* AppDelegate.m */,
				10C2015A1BA2B49C00DC6D66 /* KSPaint.h */,
				10C2015B1BA2B49C00DC6D66 /* main.m */,
			);
			path = Others;
			sourceTree = "<group>";
		};
		10C2015C1BA2B49C00DC6D66 /* View */ = {
			isa = PBXGroup;
			children = (
				10B7CA621BA6C86C00C96C9F /* ToolView */,
				10B7CA541BA6C63B00C96C9F /* TopToolView */,
				10B7CA471BA6C62000C96C9F /* BottomToolView */,
				10C201621BA2B49C00DC6D66 /* Paint */,
			);
			path = View;
			sourceTree = "<group>";
		};
		10C201621BA2B49C00DC6D66 /* Paint */ = {
			isa = PBXGroup;
			children = (
				10C201551BA2B49C00DC6D66 /* KSPaintPath.h */,
				10C201561BA2B49C00DC6D66 /* KSPaintPath.m */,
				10C201631BA2B49C00DC6D66 /* KSPaintView.h */,
				10C201641BA2B49C00DC6D66 /* KSPaintView.m */,
				1042AF551BAFA18600A232DE /* KSHandleImageView.h */,
				1042AF561BAFA18600A232DE /* KSHandleImageView.m */,
				103DBDBC1DB35D0100BEFBBE /* KSShareDataManager.h */,
				103DBDBD1DB35D0100BEFBBE /* KSShareDataManager.m */,
			);
			path = Paint;
			sourceTree = "<group>";
		};
		10DDDD301C7C494B006B9B15 /* UMShare */ = {
			isa = PBXGroup;
			children = (
				10DDDE391C7C5159006B9B15 /* UMSocial_Sdk_5.0 */,
				1097202B1BB25B2900873229 /* KSUMShareToolVc.h */,
				1097202C1BB25B2900873229 /* KSUMShareToolVc.m */,
			);
			name = UMShare;
			sourceTree = "<group>";
		};
		10DDDE391C7C5159006B9B15 /* UMSocial_Sdk_5.0 */ = {
			isa = PBXGroup;
			children = (
				10DDDE3A1C7C5159006B9B15 /* UMSocialLocalizable.strings */,
				10DDDE3C1C7C5159006B9B15 /* Header */,
				10DDDE481C7C5159006B9B15 /* libUMSocial_Sdk_5.0.a */,
				10DDDE491C7C5159006B9B15 /* SocialSDKXib */,
				10DDDE521C7C5159006B9B15 /* UMSocialSDKResourcesNew.bundle */,
			);
			path = UMSocial_Sdk_5.0;
			sourceTree = "<group>";
		};
		10DDDE3C1C7C5159006B9B15 /* Header */ = {
			isa = PBXGroup;
			children = (
				10DDDE3D1C7C5159006B9B15 /* UMSocial.h */,
				10DDDE3E1C7C5159006B9B15 /* UMSocialAccountManager.h */,
				10DDDE3F1C7C5159006B9B15 /* UMSocialBar.h */,
				10DDDE401C7C5159006B9B15 /* UMSocialConfig.h */,
				10DDDE411C7C5159006B9B15 /* UMSocialControllerService.h */,
				10DDDE421C7C5159006B9B15 /* UMSocialControllerServiceComment.h */,
				10DDDE431C7C5159006B9B15 /* UMSocialData.h */,
				10DDDE441C7C5159006B9B15 /* UMSocialDataService.h */,
				10DDDE451C7C5159006B9B15 /* UMSocialSnsData.h */,
				10DDDE461C7C5159006B9B15 /* UMSocialSnsPlatformManager.h */,
				10DDDE471C7C5159006B9B15 /* UMSocialSnsService.h */,
			);
			path = Header;
			sourceTree = "<group>";
		};
		10DDDE491C7C5159006B9B15 /* SocialSDKXib */ = {
			isa = PBXGroup;
			children = (
				10DDDE4A1C7C5159006B9B15 /* UMSCommentDetailController.xib */,
				10DDDE4B1C7C5159006B9B15 /* UMSCommentInputController.xib */,
				10DDDE4C1C7C5159006B9B15 /* UMSCommentInputControlleriPad.xib */,
				10DDDE4D1C7C5159006B9B15 /* UMShareEditViewController.xib */,
				10DDDE4E1C7C5159006B9B15 /* UMShareEditViewControlleriPad.xib */,
				10DDDE4F1C7C5159006B9B15 /* UMSLoginViewController.xib */,
				10DDDE501C7C5159006B9B15 /* UMSnsAccountViewController.xib */,
				10DDDE511C7C5159006B9B15 /* UMSShareListController.xib */,
			);
			path = SocialSDKXib;
			sourceTree = "<group>";
		};
		10DDDE621C7D4566006B9B15 /* ModShare */ = {
			isa = PBXGroup;
			children = (
				10DDDED11C7D7B8A006B9B15 /* ShareSDK */,
				10DDDE5F1C7D455D006B9B15 /* KSMobShareToolVC.h */,
				10DDDE601C7D455D006B9B15 /* KSMobShareToolVC.m */,
				10F213AA1C8033A4004B0E83 /* KSUser.h */,
				10F213AB1C8033A4004B0E83 /* KSUser.m */,
			);
			name = ModShare;
			sourceTree = "<group>";
		};
		10DDDE631C7D4573006B9B15 /* Share */ = {
			isa = PBXGroup;
			children = (
				10DDDE621C7D4566006B9B15 /* ModShare */,
				10DDDD301C7C494B006B9B15 /* UMShare */,
			);
			name = Share;
			sourceTree = "<group>";
		};
		10DDDED11C7D7B8A006B9B15 /* ShareSDK */ = {
			isa = PBXGroup;
			children = (
				10DDDED21C7D7B8A006B9B15 /* ShareSDK.framework */,
				10DDDED31C7D7B8A006B9B15 /* Support */,
			);
			path = ShareSDK;
			sourceTree = "<group>";
		};
		10DDDED31C7D7B8A006B9B15 /* Support */ = {
			isa = PBXGroup;
			children = (
				10DDDED41C7D7B8A006B9B15 /* Optional */,
				10DDDED81C7D7B8A006B9B15 /* PlatformSDK */,
				10DDDEF01C7D7B8A006B9B15 /* Required */,
			);
			path = Support;
			sourceTree = "<group>";
		};
		10DDDED41C7D7B8A006B9B15 /* Optional */ = {
			isa = PBXGroup;
			children = (
				10DDDED51C7D7B8A006B9B15 /* ShareSDKExtension.framework */,
				10DDDED61C7D7B8A006B9B15 /* ShareSDKUI.bundle */,
				10DDDED71C7D7B8A006B9B15 /* ShareSDKUI.framework */,
			);
			path = Optional;
			sourceTree = "<group>";
		};
		10DDDED81C7D7B8A006B9B15 /* PlatformSDK */ = {
			isa = PBXGroup;
			children = (
				10DDDED91C7D7B8A006B9B15 /* QQSDK */,
				10DDDEDC1C7D7B8A006B9B15 /* SinaWeiboSDK */,
				10DDDEEA1C7D7B8A006B9B15 /* WeChatSDK */,
			);
			path = PlatformSDK;
			sourceTree = "<group>";
		};
		10DDDED91C7D7B8A006B9B15 /* QQSDK */ = {
			isa = PBXGroup;
			children = (
				10DDDEDA1C7D7B8A006B9B15 /* TencentOpenAPI.framework */,
				10DDDEDB1C7D7B8A006B9B15 /* TencentOpenApi_IOS_Bundle.bundle */,
			);
			path = QQSDK;
			sourceTree = "<group>";
		};
		10DDDEDC1C7D7B8A006B9B15 /* SinaWeiboSDK */ = {
			isa = PBXGroup;
			children = (
				10DDDEDD1C7D7B8A006B9B15 /* libWeiboSDK.a */,
				10DDDEDE1C7D7B8A006B9B15 /* WBHttpRequest+WeiboGame.h */,
				10DDDEDF1C7D7B8A006B9B15 /* WBHttpRequest+WeiboShare.h */,
				10DDDEE01C7D7B8A006B9B15 /* WBHttpRequest+WeiboToken.h */,
				10DDDEE11C7D7B8A006B9B15 /* WBHttpRequest+WeiboUser.h */,
				10DDDEE21C7D7B8A006B9B15 /* WBHttpRequest.h */,
				10DDDEE31C7D7B8A006B9B15 /* WBSDKBasicButton.h */,
				10DDDEE41C7D7B8A006B9B15 /* WBSDKCommentButton.h */,
				10DDDEE51C7D7B8A006B9B15 /* WBSDKRelationshipButton.h */,
				10DDDEE61C7D7B8A006B9B15 /* WeiboSDK+Statistics.h */,
				10DDDEE71C7D7B8A006B9B15 /* WeiboSDK.bundle */,
				10DDDEE81C7D7B8A006B9B15 /* WeiboSDK.h */,
				10DDDEE91C7D7B8A006B9B15 /* WeiboUser.h */,
			);
			path = SinaWeiboSDK;
			sourceTree = "<group>";
		};
		10DDDEEA1C7D7B8A006B9B15 /* WeChatSDK */ = {
			isa = PBXGroup;
			children = (
				10DDDEEB1C7D7B8A006B9B15 /* libWeChatSDK.a */,
				10DDDEEC1C7D7B8A006B9B15 /* read_me.txt */,
				10DDDEED1C7D7B8A006B9B15 /* WechatAuthSDK.h */,
				10DDDEEE1C7D7B8A006B9B15 /* WXApi.h */,
				10DDDEEF1C7D7B8A006B9B15 /* WXApiObject.h */,
			);
			path = WeChatSDK;
			sourceTree = "<group>";
		};
		10DDDEF01C7D7B8A006B9B15 /* Required */ = {
			isa = PBXGroup;
			children = (
				10DDDEF11C7D7B8A006B9B15 /* MOBFoundation.framework */,
				10DDDEF21C7D7B8A006B9B15 /* ShareSDK.bundle */,
				10DDDEF31C7D7B8A006B9B15 /* ShareSDKConnector.framework */,
			);
			path = Required;
			sourceTree = "<group>";
		};
		10EEC24E1BB15D6300A1AA59 /* Colours */ = {
			isa = PBXGroup;
			children = (
				10B7CA241BA6798100C96C9F /* MBProgressHUD */,
				10EEC24F1BB15D6300A1AA59 /* Colours.h */,
				10EEC2501BB15D6300A1AA59 /* Colours.m */,
			);
			path = Colours;
			sourceTree = "<group>";
		};
		AC81A9327C0B59F0BE01DD05 /* Frameworks */ = {
			isa = PBXGroup;
			children = (
				10DDDF0B1C7D7BDF006B9B15 /* libsqlite3.tbd */,
				10DDDF091C7D7BD7006B9B15 /* ImageIO.framework */,
				10DDDF071C7D7BCF006B9B15 /* JavaScriptCore.framework */,
				10DDDF051C7D7BC7006B9B15 /* libstdc++.tbd */,
				10DDDF031C7D7BBD006B9B15 /* libz.tbd */,
				10DDDF011C7D7BB5006B9B15 /* libicucore.tbd */,
				F0BE801D9ACFAC4AA328D9A0 /* libPods-KSPaint.a */,
			);
			name = Frameworks;
			sourceTree = "<group>";
		};
		C4C2F17CFE28DAE715193D69 /* Pods */ = {
			isa = PBXGroup;
			children = (
				4EDF7BFE487FD55D5FECF8B9 /* Pods-KSPaint.debug.xcconfig */,
				531373DF0ECD060F075BE589 /* Pods-KSPaint.release.xcconfig */,
			);
			name = Pods;
			sourceTree = "<group>";
		};
/* End PBXGroup section */

/* Begin PBXNativeTarget section */
		1014386E1B56448700607B9C /* KSPaint */ = {
			isa = PBXNativeTarget;
			buildConfigurationList = 101438921B56448700607B9C /* Build configuration list for PBXNativeTarget "KSPaint" */;
			buildPhases = (
				85D0874A84DDE81C3A6CB442 /* Check Pods Manifest.lock */,
				1014386B1B56448700607B9C /* Sources */,
				1014386C1B56448700607B9C /* Frameworks */,
				1014386D1B56448700607B9C /* Resources */,
				B1AB46B928BD38B54FE49D44 /* Embed Pods Frameworks */,
				9B6A1BE029BDD436C56F0DFE /* Copy Pods Resources */,
				10F1E0DC1C5717A4003AEEDF /* Run Script */,
			);
			buildRules = (
			);
			dependencies = (
			);
			name = KSPaint;
			productName = KSPaint;
			productReference = 1014386F1B56448700607B9C /* KSPaint.app */;
			productType = "com.apple.product-type.application";
		};
		101438871B56448700607B9C /* KSPaintTests */ = {
			isa = PBXNativeTarget;
			buildConfigurationList = 101438951B56448700607B9C /* Build configuration list for PBXNativeTarget "KSPaintTests" */;
			buildPhases = (
				101438841B56448700607B9C /* Sources */,
				101438851B56448700607B9C /* Frameworks */,
				101438861B56448700607B9C /* Resources */,
			);
			buildRules = (
			);
			dependencies = (
				1014388A1B56448700607B9C /* PBXTargetDependency */,
			);
			name = KSPaintTests;
			productName = KSPaintTests;
			productReference = 101438881B56448700607B9C /* KSPaintTests.xctest */;
			productType = "com.apple.product-type.bundle.unit-test";
		};
/* End PBXNativeTarget section */

/* Begin PBXProject section */
		101438671B56448700607B9C /* Project object */ = {
			isa = PBXProject;
			attributes = {
				LastUpgradeCheck = 0800;
				ORGANIZATIONNAME = KeSen;
				TargetAttributes = {
					1014386E1B56448700607B9C = {
						CreatedOnToolsVersion = 6.4;
						DevelopmentTeam = 33UJTTK2KL;
					};
					101438871B56448700607B9C = {
						CreatedOnToolsVersion = 6.4;
						TestTargetID = 1014386E1B56448700607B9C;
					};
				};
			};
			buildConfigurationList = 1014386A1B56448700607B9C /* Build configuration list for PBXProject "KSPaint" */;
			compatibilityVersion = "Xcode 3.2";
			developmentRegion = English;
			hasScannedForEncodings = 0;
			knownRegions = (
				en,
				Base,
				"zh-Hans",
			);
			mainGroup = 101438661B56448700607B9C;
			productRefGroup = 101438701B56448700607B9C /* Products */;
			projectDirPath = "";
			projectRoot = "";
			targets = (
				1014386E1B56448700607B9C /* KSPaint */,
				101438871B56448700607B9C /* KSPaintTests */,
			);
		};
/* End PBXProject section */

/* Begin PBXResourcesBuildPhase section */
		1014386D1B56448700607B9C /* Resources */ = {
			isa = PBXResourcesBuildPhase;
			buildActionMask = 2147483647;
			files = (
				10DDDEF91C7D7B8A006B9B15 /* TencentOpenApi_IOS_Bundle.bundle in Resources */,
				10DDDE5A1C7C5159006B9B15 /* UMShareEditViewControlleriPad.xib in Resources */,
				10DDDEFF1C7D7B8A006B9B15 /* ShareSDK.bundle in Resources */,
				10DDDE5C1C7C5159006B9B15 /* UMSnsAccountViewController.xib in Resources */,
				10DDDE571C7C5159006B9B15 /* UMSCommentInputController.xib in Resources */,
				10DDDE561C7C5159006B9B15 /* UMSCommentDetailController.xib in Resources */,
				1014387E1B56448700607B9C /* Main.storyboard in Resources */,
				10B7CA2B1BA6798100C96C9F /* MBProgressHUD.bundle in Resources */,
				10DDDE5E1C7C5159006B9B15 /* UMSocialSDKResourcesNew.bundle in Resources */,
				10DDDEF61C7D7B8A006B9B15 /* ShareSDKUI.bundle in Resources */,
				10DDDE581C7C5159006B9B15 /* UMSCommentInputControlleriPad.xib in Resources */,
				10DDDE591C7C5159006B9B15 /* UMShareEditViewController.xib in Resources */,
				10DDDE5D1C7C5159006B9B15 /* UMSShareListController.xib in Resources */,
				10DDDE541C7C5159006B9B15 /* UMSocialLocalizable.strings in Resources */,
				10DDDEFB1C7D7B8A006B9B15 /* WeiboSDK.bundle in Resources */,
				10F832811BB3CD6D00E9C152 /* LaunchScreen.xib in Resources */,
				101438801B56448700607B9C /* Images.xcassets in Resources */,
				10DDDEFD1C7D7B8A006B9B15 /* read_me.txt in Resources */,
				10DDDE5B1C7C5159006B9B15 /* UMSLoginViewController.xib in Resources */,
			);
			runOnlyForDeploymentPostprocessing = 0;
		};
		101438861B56448700607B9C /* Resources */ = {
			isa = PBXResourcesBuildPhase;
			buildActionMask = 2147483647;
			files = (
			);
			runOnlyForDeploymentPostprocessing = 0;
		};
/* End PBXResourcesBuildPhase section */

/* Begin PBXShellScriptBuildPhase section */
		10F1E0DC1C5717A4003AEEDF /* Run Script */ = {
			isa = PBXShellScriptBuildPhase;
			buildActionMask = 2147483647;
			files = (
			);
			inputPaths = (
			);
			name = "Run Script";
			outputPaths = (
			);
			runOnlyForDeploymentPostprocessing = 0;
			shellPath = /bin/sh;
			shellScript = "\"${PODS_ROOT}/Fabric/run\" 993924c6988b835fea59d2051fcfb2587f5ab1e0 119e6e628b4de393b25b3db3459a6d3d98896bd4747da4489b025d6288abdfd8";
		};
		85D0874A84DDE81C3A6CB442 /* Check Pods Manifest.lock */ = {
			isa = PBXShellScriptBuildPhase;
			buildActionMask = 2147483647;
			files = (
			);
			inputPaths = (
			);
			name = "Check Pods Manifest.lock";
			outputPaths = (
			);
			runOnlyForDeploymentPostprocessing = 0;
			shellPath = /bin/sh;
			shellScript = "diff \"${PODS_ROOT}/../Podfile.lock\" \"${PODS_ROOT}/Manifest.lock\" > /dev/null\nif [[ $? != 0 ]] ; then\n    cat << EOM\nerror: The sandbox is not in sync with the Podfile.lock. Run 'pod install' or update your CocoaPods installation.\nEOM\n    exit 1\nfi\n";
			showEnvVarsInLog = 0;
		};
		9B6A1BE029BDD436C56F0DFE /* Copy Pods Resources */ = {
			isa = PBXShellScriptBuildPhase;
			buildActionMask = 2147483647;
			files = (
			);
			inputPaths = (
			);
			name = "Copy Pods Resources";
			outputPaths = (
			);
			runOnlyForDeploymentPostprocessing = 0;
			shellPath = /bin/sh;
			shellScript = "\"${SRCROOT}/Pods/Target Support Files/Pods-KSPaint/Pods-KSPaint-resources.sh\"\n";
			showEnvVarsInLog = 0;
		};
		B1AB46B928BD38B54FE49D44 /* Embed Pods Frameworks */ = {
			isa = PBXShellScriptBuildPhase;
			buildActionMask = 2147483647;
			files = (
			);
			inputPaths = (
			);
			name = "Embed Pods Frameworks";
			outputPaths = (
			);
			runOnlyForDeploymentPostprocessing = 0;
			shellPath = /bin/sh;
			shellScript = "\"${SRCROOT}/Pods/Target Support Files/Pods-KSPaint/Pods-KSPaint-frameworks.sh\"\n";
			showEnvVarsInLog = 0;
		};
/* End PBXShellScriptBuildPhase section */

/* Begin PBXSourcesBuildPhase section */
		1014386B1B56448700607B9C /* Sources */ = {
			isa = PBXSourcesBuildPhase;
			buildActionMask = 2147483647;
			files = (
				10B7CA681BA6CC1600C96C9F /* KSTopView.m in Sources */,
				10D4D3D61BAFE3FF0010A2AE /* UIImage+KS.m in Sources */,
				10C201711BA2B49C00DC6D66 /* main.m in Sources */,
				10EEC24D1BB155ED00A1AA59 /* KSBgToolView.m in Sources */,
				10C201701BA2B49C00DC6D66 /* AppDelegate.m in Sources */,
				10B7CA511BA6C62000C96C9F /* KSPenToolView.m in Sources */,
				1097202D1BB25B2900873229 /* KSUMShareToolVc.m in Sources */,
				10C2016E1BA2B49C00DC6D66 /* ViewController.m in Sources */,
				10B7CA2A1BA6798100C96C9F /* MBProgressHUD+KS.m in Sources */,
				10B7CA2C1BA6798100C96C9F /* MBProgressHUD.m in Sources */,
				10C201741BA2B49C00DC6D66 /* KSPaintView.m in Sources */,
				10C2016F1BA2B49C00DC6D66 /* KSPaintPath.m in Sources */,
				10565D7F1BB973580064E7C8 /* KSColorToolView.m in Sources */,
				10EEC2471BB1446B00A1AA59 /* KSTopButton.m in Sources */,
				10B7CA6E1BA6CFD400C96C9F /* KSBlockButton.m in Sources */,
				1042AF571BAFA18600A232DE /* KSHandleImageView.m in Sources */,
				10F213AC1C8033A4004B0E83 /* KSUser.m in Sources */,
				10B7CA651BA6C86C00C96C9F /* BottomItemView.m in Sources */,
				103DBDBE1DB35D0100BEFBBE /* KSShareDataManager.m in Sources */,
				10B7CA6D1BA6CFD400C96C9F /* ButtonItem.m in Sources */,
				10B7CA521BA6C62000C96C9F /* KSSharpToolView.m in Sources */,
				10B7CA5E1BA6C79C00C96C9F /* KSToolScrollView.m in Sources */,
				10FAB18D1C759F92009264FE /* KSPenWeightToolView.m in Sources */,
				10DDDE611C7D455D006B9B15 /* KSMobShareToolVC.m in Sources */,
				10EEC2511BB15D6300A1AA59 /* Colours.m in Sources */,
			);
			runOnlyForDeploymentPostprocessing = 0;
		};
		101438841B56448700607B9C /* Sources */ = {
			isa = PBXSourcesBuildPhase;
			buildActionMask = 2147483647;
			files = (
				1014388F1B56448700607B9C /* KSPaintTests.m in Sources */,
			);
			runOnlyForDeploymentPostprocessing = 0;
		};
/* End PBXSourcesBuildPhase section */

/* Begin PBXTargetDependency section */
		1014388A1B56448700607B9C /* PBXTargetDependency */ = {
			isa = PBXTargetDependency;
			target = 1014386E1B56448700607B9C /* KSPaint */;
			targetProxy = 101438891B56448700607B9C /* PBXContainerItemProxy */;
		};
/* End PBXTargetDependency section */

/* Begin PBXVariantGroup section */
		1014387C1B56448700607B9C /* Main.storyboard */ = {
			isa = PBXVariantGroup;
			children = (
				1014387D1B56448700607B9C /* Base */,
			);
			name = Main.storyboard;
			sourceTree = "<group>";
		};
		10DDDE3A1C7C5159006B9B15 /* UMSocialLocalizable.strings */ = {
			isa = PBXVariantGroup;
			children = (
				10DDDE3B1C7C5159006B9B15 /* en */,
				10DDDE531C7C5159006B9B15 /* zh-Hans */,
			);
			name = UMSocialLocalizable.strings;
			sourceTree = "<group>";
		};
/* End PBXVariantGroup section */

/* Begin XCBuildConfiguration section */
		101438901B56448700607B9C /* Debug */ = {
			isa = XCBuildConfiguration;
			buildSettings = {
				ALWAYS_SEARCH_USER_PATHS = NO;
				CLANG_ANALYZER_LOCALIZABILITY_NONLOCALIZED = YES;
				CLANG_CXX_LANGUAGE_STANDARD = "gnu++0x";
				CLANG_CXX_LIBRARY = "libc++";
				CLANG_ENABLE_MODULES = YES;
				CLANG_ENABLE_OBJC_ARC = YES;
				CLANG_WARN_BOOL_CONVERSION = YES;
				CLANG_WARN_CONSTANT_CONVERSION = YES;
				CLANG_WARN_DIRECT_OBJC_ISA_USAGE = YES_ERROR;
				CLANG_WARN_EMPTY_BODY = YES;
				CLANG_WARN_ENUM_CONVERSION = YES;
				CLANG_WARN_INFINITE_RECURSION = YES;
				CLANG_WARN_INT_CONVERSION = YES;
				CLANG_WARN_OBJC_ROOT_CLASS = YES_ERROR;
				CLANG_WARN_SUSPICIOUS_MOVE = YES;
				CLANG_WARN_UNREACHABLE_CODE = YES;
				CLANG_WARN__DUPLICATE_METHOD_MATCH = YES;
				"CODE_SIGN_IDENTITY[sdk=iphoneos*]" = "iPhone Developer";
				COPY_PHASE_STRIP = NO;
				DEBUG_INFORMATION_FORMAT = "dwarf-with-dsym";
				ENABLE_STRICT_OBJC_MSGSEND = YES;
				ENABLE_TESTABILITY = YES;
				GCC_C_LANGUAGE_STANDARD = gnu99;
				GCC_DYNAMIC_NO_PIC = NO;
				GCC_NO_COMMON_BLOCKS = YES;
				GCC_OPTIMIZATION_LEVEL = 0;
				GCC_PREPROCESSOR_DEFINITIONS = (
					"DEBUG=1",
					"$(inherited)",
				);
				GCC_SYMBOLS_PRIVATE_EXTERN = NO;
				GCC_WARN_64_TO_32_BIT_CONVERSION = YES;
				GCC_WARN_ABOUT_RETURN_TYPE = YES_ERROR;
				GCC_WARN_UNDECLARED_SELECTOR = YES;
				GCC_WARN_UNINITIALIZED_AUTOS = YES_AGGRESSIVE;
				GCC_WARN_UNUSED_FUNCTION = YES;
				GCC_WARN_UNUSED_VARIABLE = YES;
				IPHONEOS_DEPLOYMENT_TARGET = 9.0;
				MTL_ENABLE_DEBUG_INFO = YES;
				ONLY_ACTIVE_ARCH = YES;
				SDKROOT = iphoneos;
				TARGETED_DEVICE_FAMILY = "1,2";
			};
			name = Debug;
		};
		101438911B56448700607B9C /* Release */ = {
			isa = XCBuildConfiguration;
			buildSettings = {
				ALWAYS_SEARCH_USER_PATHS = NO;
				CLANG_ANALYZER_LOCALIZABILITY_NONLOCALIZED = YES;
				CLANG_CXX_LANGUAGE_STANDARD = "gnu++0x";
				CLANG_CXX_LIBRARY = "libc++";
				CLANG_ENABLE_MODULES = YES;
				CLANG_ENABLE_OBJC_ARC = YES;
				CLANG_WARN_BOOL_CONVERSION = YES;
				CLANG_WARN_CONSTANT_CONVERSION = YES;
				CLANG_WARN_DIRECT_OBJC_ISA_USAGE = YES_ERROR;
				CLANG_WARN_EMPTY_BODY = YES;
				CLANG_WARN_ENUM_CONVERSION = YES;
				CLANG_WARN_INFINITE_RECURSION = YES;
				CLANG_WARN_INT_CONVERSION = YES;
				CLANG_WARN_OBJC_ROOT_CLASS = YES_ERROR;
				CLANG_WARN_SUSPICIOUS_MOVE = YES;
				CLANG_WARN_UNREACHABLE_CODE = YES;
				CLANG_WARN__DUPLICATE_METHOD_MATCH = YES;
				"CODE_SIGN_IDENTITY[sdk=iphoneos*]" = "iPhone Developer";
				COPY_PHASE_STRIP = NO;
				DEBUG_INFORMATION_FORMAT = "dwarf-with-dsym";
				ENABLE_NS_ASSERTIONS = NO;
				ENABLE_STRICT_OBJC_MSGSEND = YES;
				GCC_C_LANGUAGE_STANDARD = gnu99;
				GCC_NO_COMMON_BLOCKS = YES;
				GCC_WARN_64_TO_32_BIT_CONVERSION = YES;
				GCC_WARN_ABOUT_RETURN_TYPE = YES_ERROR;
				GCC_WARN_UNDECLARED_SELECTOR = YES;
				GCC_WARN_UNINITIALIZED_AUTOS = YES_AGGRESSIVE;
				GCC_WARN_UNUSED_FUNCTION = YES;
				GCC_WARN_UNUSED_VARIABLE = YES;
				IPHONEOS_DEPLOYMENT_TARGET = 9.0;
				MTL_ENABLE_DEBUG_INFO = NO;
				SDKROOT = iphoneos;
				TARGETED_DEVICE_FAMILY = "1,2";
				VALIDATE_PRODUCT = YES;
			};
			name = Release;
		};
		101438931B56448700607B9C /* Debug */ = {
			isa = XCBuildConfiguration;
			baseConfigurationReference = 4EDF7BFE487FD55D5FECF8B9 /* Pods-KSPaint.debug.xcconfig */;
			buildSettings = {
				ASSETCATALOG_COMPILER_APPICON_NAME = AppIcon;
				ASSETCATALOG_COMPILER_LAUNCHIMAGE_NAME = LaunchImage;
				CODE_SIGN_IDENTITY = "iPhone Developer";
				"CODE_SIGN_IDENTITY[sdk=iphoneos*]" = "iPhone Developer";
				ENABLE_BITCODE = NO;
				FRAMEWORK_SEARCH_PATHS = (
					"$(inherited)",
					"$(PROJECT_DIR)/KSPaint/Classes/umeng_ios_social_sdk_5.0_arm64_custom",
					09.38.35/UMSocial_Sdk_Extra_Frameworks/Facebook,
					"$(PROJECT_DIR)/KSPaint/Classes/umeng_ios_social_sdk_5.0_arm64_custom",
					09.38.35/UMSocial_Sdk_Extra_Frameworks/TencentOpenAPI,
					"$(PROJECT_DIR)/KSPaint/Classes/umeng_ios_social_sdk_5.0_arm64_custom",
					09.38.35/UMSocial_Sdk_Extra_Frameworks/Twitter,
					"$(PROJECT_DIR)/KSPaint/Classes/ShareSDK",
					"$(PROJECT_DIR)/KSPaint/Classes/ShareSDK/Support/Optional",
					"$(PROJECT_DIR)/KSPaint/Classes/ShareSDK/Support/PlatformSDK/QQSDK",
					"$(PROJECT_DIR)/KSPaint/Classes/ShareSDK/Support/Required",
					"$(SDKROOT)$(SYSTEM_LIBRARY_DIR)/PrivateFrameworks",
				);
				INFOPLIST_FILE = KSPaint/Info.plist;
				IPHONEOS_DEPLOYMENT_TARGET = 8.0;
				LD_RUNPATH_SEARCH_PATHS = "$(inherited) @executable_path/Frameworks";
				LIBRARY_SEARCH_PATHS = (
					"$(inherited)",
					"$(PROJECT_DIR)/KSPaint/Classes/Lib/UMSocial_Sdk_4.2.3",
					"$(PROJECT_DIR)/KSPaint/Classes/UMSocial_Sdk_5.0",
					"$(PROJECT_DIR)/KSPaint/Classes/umeng_ios_social_sdk_5.0_arm64_custom",
					09.38.35/UMSocial_Sdk_5.0,
					"$(PROJECT_DIR)/KSPaint/Classes/umeng_ios_social_sdk_5.0_arm64_custom",
					09.38.35/UMSocial_Sdk_Extra_Frameworks/Facebook,
					"$(PROJECT_DIR)/KSPaint/Classes/umeng_ios_social_sdk_5.0_arm64_custom",
					09.38.35/UMSocial_Sdk_Extra_Frameworks/Instagram,
					"$(PROJECT_DIR)/KSPaint/Classes/umeng_ios_social_sdk_5.0_arm64_custom",
					09.38.35/UMSocial_Sdk_Extra_Frameworks/SinaSSO,
					"$(PROJECT_DIR)/KSPaint/Classes/umeng_ios_social_sdk_5.0_arm64_custom",
					09.38.35/UMSocial_Sdk_Extra_Frameworks/TencentOpenAPI,
					"$(PROJECT_DIR)/KSPaint/Classes/umeng_ios_social_sdk_5.0_arm64_custom",
					09.38.35/UMSocial_Sdk_Extra_Frameworks/Twitter,
					"$(PROJECT_DIR)/KSPaint/Classes/umeng_ios_social_sdk_5.0_arm64_custom",
					09.38.35/UMSocial_Sdk_Extra_Frameworks/Wechat,
					"$(PROJECT_DIR)/KSPaint/Classes/ShareSDK/Support/PlatformSDK/SinaWeiboSDK",
					"$(PROJECT_DIR)/KSPaint/Classes/ShareSDK/Support/PlatformSDK/WeChatSDK",
				);
				ONLY_ACTIVE_ARCH = YES;
				PRODUCT_BUNDLE_IDENTIFIER = KS.KSPaint;
				PRODUCT_NAME = "$(TARGET_NAME)";
				PROVISIONING_PROFILE = "";
				TARGETED_DEVICE_FAMILY = "1,2";
			};
			name = Debug;
		};
		101438941B56448700607B9C /* Release */ = {
			isa = XCBuildConfiguration;
			baseConfigurationReference = 531373DF0ECD060F075BE589 /* Pods-KSPaint.release.xcconfig */;
			buildSettings = {
				ASSETCATALOG_COMPILER_APPICON_NAME = AppIcon;
				ASSETCATALOG_COMPILER_LAUNCHIMAGE_NAME = LaunchImage;
				CODE_SIGN_IDENTITY = "iPhone Developer";
				"CODE_SIGN_IDENTITY[sdk=iphoneos*]" = "iPhone Developer";
				ENABLE_BITCODE = NO;
				FRAMEWORK_SEARCH_PATHS = (
					"$(inherited)",
					"$(PROJECT_DIR)/KSPaint/Classes/umeng_ios_social_sdk_5.0_arm64_custom",
					09.38.35/UMSocial_Sdk_Extra_Frameworks/Facebook,
					"$(PROJECT_DIR)/KSPaint/Classes/umeng_ios_social_sdk_5.0_arm64_custom",
					09.38.35/UMSocial_Sdk_Extra_Frameworks/TencentOpenAPI,
					"$(PROJECT_DIR)/KSPaint/Classes/umeng_ios_social_sdk_5.0_arm64_custom",
					09.38.35/UMSocial_Sdk_Extra_Frameworks/Twitter,
					"$(PROJECT_DIR)/KSPaint/Classes/ShareSDK",
					"$(PROJECT_DIR)/KSPaint/Classes/ShareSDK/Support/Optional",
					"$(PROJECT_DIR)/KSPaint/Classes/ShareSDK/Support/PlatformSDK/QQSDK",
					"$(PROJECT_DIR)/KSPaint/Classes/ShareSDK/Support/Required",
					"$(SDKROOT)$(SYSTEM_LIBRARY_DIR)/PrivateFrameworks",
				);
				INFOPLIST_FILE = KSPaint/Info.plist;
				IPHONEOS_DEPLOYMENT_TARGET = 8.0;
				LD_RUNPATH_SEARCH_PATHS = "$(inherited) @executable_path/Frameworks";
				LIBRARY_SEARCH_PATHS = (
					"$(inherited)",
					"$(PROJECT_DIR)/KSPaint/Classes/Lib/UMSocial_Sdk_4.2.3",
					"$(PROJECT_DIR)/KSPaint/Classes/UMSocial_Sdk_5.0",
					"$(PROJECT_DIR)/KSPaint/Classes/umeng_ios_social_sdk_5.0_arm64_custom",
					09.38.35/UMSocial_Sdk_5.0,
					"$(PROJECT_DIR)/KSPaint/Classes/umeng_ios_social_sdk_5.0_arm64_custom",
					09.38.35/UMSocial_Sdk_Extra_Frameworks/Facebook,
					"$(PROJECT_DIR)/KSPaint/Classes/umeng_ios_social_sdk_5.0_arm64_custom",
					09.38.35/UMSocial_Sdk_Extra_Frameworks/Instagram,
					"$(PROJECT_DIR)/KSPaint/Classes/umeng_ios_social_sdk_5.0_arm64_custom",
					09.38.35/UMSocial_Sdk_Extra_Frameworks/SinaSSO,
					"$(PROJECT_DIR)/KSPaint/Classes/umeng_ios_social_sdk_5.0_arm64_custom",
					09.38.35/UMSocial_Sdk_Extra_Frameworks/TencentOpenAPI,
					"$(PROJECT_DIR)/KSPaint/Classes/umeng_ios_social_sdk_5.0_arm64_custom",
					09.38.35/UMSocial_Sdk_Extra_Frameworks/Twitter,
					"$(PROJECT_DIR)/KSPaint/Classes/umeng_ios_social_sdk_5.0_arm64_custom",
					09.38.35/UMSocial_Sdk_Extra_Frameworks/Wechat,
					"$(PROJECT_DIR)/KSPaint/Classes/ShareSDK/Support/PlatformSDK/SinaWeiboSDK",
					"$(PROJECT_DIR)/KSPaint/Classes/ShareSDK/Support/PlatformSDK/WeChatSDK",
				);
				PRODUCT_BUNDLE_IDENTIFIER = KS.KSPaint;
				PRODUCT_NAME = "$(TARGET_NAME)";
				PROVISIONING_PROFILE = "";
				TARGETED_DEVICE_FAMILY = "1,2";
			};
			name = Release;
		};
		101438961B56448700607B9C /* Debug */ = {
			isa = XCBuildConfiguration;
			buildSettings = {
				BUNDLE_LOADER = "$(TEST_HOST)";
				FRAMEWORK_SEARCH_PATHS = (
					"$(SDKROOT)/Developer/Library/Frameworks",
					"$(inherited)",
				);
				GCC_PREPROCESSOR_DEFINITIONS = (
					"DEBUG=1",
					"$(inherited)",
				);
				INFOPLIST_FILE = KSPaintTests/Info.plist;
				LD_RUNPATH_SEARCH_PATHS = "$(inherited) @executable_path/Frameworks @loader_path/Frameworks";
				PRODUCT_BUNDLE_IDENTIFIER = "KS.$(PRODUCT_NAME:rfc1034identifier)";
				PRODUCT_NAME = "$(TARGET_NAME)";
				TEST_HOST = "$(BUILT_PRODUCTS_DIR)/KSPaint.app/KSPaint";
			};
			name = Debug;
		};
		101438971B56448700607B9C /* Release */ = {
			isa = XCBuildConfiguration;
			buildSettings = {
				BUNDLE_LOADER = "$(TEST_HOST)";
				FRAMEWORK_SEARCH_PATHS = (
					"$(SDKROOT)/Developer/Library/Frameworks",
					"$(inherited)",
				);
				INFOPLIST_FILE = KSPaintTests/Info.plist;
				LD_RUNPATH_SEARCH_PATHS = "$(inherited) @executable_path/Frameworks @loader_path/Frameworks";
				PRODUCT_BUNDLE_IDENTIFIER = "KS.$(PRODUCT_NAME:rfc1034identifier)";
				PRODUCT_NAME = "$(TARGET_NAME)";
				TEST_HOST = "$(BUILT_PRODUCTS_DIR)/KSPaint.app/KSPaint";
			};
			name = Release;
		};
/* End XCBuildConfiguration section */

/* Begin XCConfigurationList section */
		1014386A1B56448700607B9C /* Build configuration list for PBXProject "KSPaint" */ = {
			isa = XCConfigurationList;
			buildConfigurations = (
				101438901B56448700607B9C /* Debug */,
				101438911B56448700607B9C /* Release */,
			);
			defaultConfigurationIsVisible = 0;
			defaultConfigurationName = Release;
		};
		101438921B56448700607B9C /* Build configuration list for PBXNativeTarget "KSPaint" */ = {
			isa = XCConfigurationList;
			buildConfigurations = (
				101438931B56448700607B9C /* Debug */,
				101438941B56448700607B9C /* Release */,
			);
			defaultConfigurationIsVisible = 0;
			defaultConfigurationName = Release;
		};
		101438951B56448700607B9C /* Build configuration list for PBXNativeTarget "KSPaintTests" */ = {
			isa = XCConfigurationList;
			buildConfigurations = (
				101438961B56448700607B9C /* Debug */,
				101438971B56448700607B9C /* Release */,
			);
			defaultConfigurationIsVisible = 0;
			defaultConfigurationName = Release;
		};
/* End XCConfigurationList section */
	};
	rootObject = 101438671B56448700607B9C /* Project object */;
}
